
Microsoft Visual Studio Solution File, Format Version 12.00
Project("{FAE04EC0-301F-11D3-BF4B-00C04F79EFBC}") = "Fotball_league", "Fotball_league\Fotball_league.csproj", "{6911A2CA-AFD8-4CB4-9423-CD0FFE0AC02B}"
EndProject
Global
	GlobalSection(SolutionConfigurationPlatforms) = preSolution
		Debug|Any CPU = Debug|Any CPU
		Release|Any CPU = Release|Any CPU
	EndGlobalSection
	GlobalSection(ProjectConfigurationPlatforms) = postSolution
		{6911A2CA-AFD8-4CB4-9423-CD0FFE0AC02B}.Debug|Any CPU.ActiveCfg = Debug|Any CPU
		{6911A2CA-AFD8-4CB4-9423-CD0FFE0AC02B}.Debug|Any CPU.Build.0 = Debug|Any CPU
		{6911A2CA-AFD8-4CB4-9423-CD0FFE0AC02B}.Release|Any CPU.ActiveCfg = Release|Any CPU
		{6911A2CA-AFD8-4CB4-9423-CD0FFE0AC02B}.Release|Any CPU.Build.0 = Release|Any CPU
	EndGlobalSection
EndGlobal
